// !$*UTF8*$!
{
	archiveVersion = 1;
	classes = {
	};
	objectVersion = 77;
	objects = {

/* Begin PBXContainerItemProxy section */
		2EF304A42FAEBE1900CA61C0 /* PBXContainerItemProxy */ = {
			isa = PBXContainerItemProxy;
			containerPortal = 2EF3048E2FAEBE1700CA61C0 /* Project object */;
			proxyType = 1;
			remoteGlobalIDString = 2EF304952FAEBE1700CA61C0;
			remoteInfo = DigAPigToo;
		};
		2EF304AE2FAEBE1900CA61C0 /* PBXContainerItemProxy */ = {
			isa = PBXContainerItemProxy;
			containerPortal = 2EF3048E2FAEBE1700CA61C0 /* Project object */;
			proxyType = 1;
			remoteGlobalIDString = 2EF304952FAEBE1700CA61C0;
			remoteInfo = DigAPigToo;
		};
/* End PBXContainerItemProxy section */

/* Begin PBXFileReference section */
		2EF304962FAEBE1700CA61C0 /* DigAPigToo.app */ = {isa = PBXFileReference; explicitFileType = wrapper.application; includeInIndex = 0; path = DigAPigToo.app; sourceTree = BUILT_PRODUCTS_DIR; };
		2EF304A32FAEBE1900CA61C0 /* DigAPigTooTests.xctest */ = {isa = PBXFileReference; explicitFileType = wrapper.cfbundle; includeInIndex = 0; path = DigAPigTooTests.xctest; sourceTree = BUILT_PRODUCTS_DIR; };
		2EF304AD2FAEBE1900CA61C0 /* DigAPigTooUITests.xctest */ = {isa = PBXFileReference; explicitFileType = wrapper.cfbundle; includeInIndex = 0; path = DigAPigTooUITests.xctest; sourceTree = BUILT_PRODUCTS_DIR; };
/* End PBXFileReference section */

/* Begin PBXFileSystemSynchronizedRootGroup section */
		2EF304982FAEBE1700CA61C0 /* DigAPigToo */ = {
			isa = PBXFileSystemSynchronizedRootGroup;
			path = DigAPigToo;
			sourceTree = "<group>";
		};
		2EF304A62FAEBE1900CA61C0 /* DigAPigTooTests */ = {
			isa = PBXFileSystemSynchronizedRootGroup;
			path = DigAPigTooTests;
			sourceTree = "<group>";
		};
		2EF304B02FAEBE1900CA61C0 /* DigAPigTooUITests */ = {
			isa = PBXFileSystemSynchronizedRootGroup;
			path = DigAPigTooUITests;
			sourceTree = "<group>";
		};
/* End PBXFileSystemSynchronizedRootGroup section */

/* Begin PBXFrameworksBuildPhase section */
		2EF304932FAEBE1700CA61C0 /* Frameworks */ = {
			isa = PBXFrameworksBuildPhase;
			buildActionMask = 2147483647;
			files = (
			);
			runOnlyForDeploymentPostprocessing = 0;
		};
		2EF304A02FAEBE1900CA61C0 /* Frameworks */ = {
			isa = PBXFrameworksBuildPhase;
			buildActionMask = 2147483647;
			files = (
			);
			runOnlyForDeploymentPostprocessing = 0;
		};
		2EF304AA2FAEBE1900CA61C0 /* Frameworks */ = {
			isa = PBXFrameworksBuildPhase;
			buildActionMask = 2147483647;
			files = (
			);
			runOnlyForDeploymentPostprocessing = 0;
		};
/* End PBXFrameworksBuildPhase section */

/* Begin PBXGroup section */
		2EF3048D2FAEBE1700CA61C0 = {
			isa = PBXGroup;
			children = (
				2EF304982FAEBE1700CA61C0 /* DigAPigToo */,
				2EF304A62FAEBE1900CA61C0 /* DigAPigTooTests */,
				2EF304B02FAEBE1900CA61C0 /* DigAPigTooUITests */,
				2EF304972FAEBE1700CA61C0 /* Products */,
			);
			sourceTree = "<group>";
		};
		2EF304972FAEBE1700CA61C0 /* Products */ = {
			isa = PBXGroup;
			children = (
				2EF304962FAEBE1700CA61C0 /* DigAPigToo.app */,
				2EF304A32FAEBE1900CA61C0 /* DigAPigTooTests.xctest */,
				2EF304AD2FAEBE1900CA61C0 /* DigAPigTooUITests.xctest */,
			);
			name = Products;
			sourceTree = "<group>";
		};
/* End PBXGroup section */

/* Begin PBXNativeTarget section */
		2EF304952FAEBE1700CA61C0 /* DigAPigToo */ = {
			isa = PBXNativeTarget;
			buildConfigurationList = 2EF304B72FAEBE1900CA61C0 /* Build configuration list for PBXNativeTarget "DigAPigToo" */;
			buildPhases = (
				2EF304922FAEBE1700CA61C0 /* Sources */,
				2EF304932FAEBE1700CA61C0 /* Frameworks */,
				2EF304942FAEBE1700CA61C0 /* Resources */,
			);
			buildRules = (
			);
			dependencies = (
			);
			fileSystemSynchronizedGroups = (
				2EF304982FAEBE1700CA61C0 /* DigAPigToo */,
			);
			name = DigAPigToo;
			packageProductDependencies = (
			);
			productName = DigAPigToo;
			productReference = 2EF304962FAEBE1700CA61C0 /* DigAPigToo.app */;
			productType = "com.apple.product-type.application";
		};
		2EF304A22FAEBE1900CA61C0 /* DigAPigTooTests */ = {
			isa = PBXNativeTarget;
			buildConfigurationList = 2EF304BA2FAEBE1900CA61C0 /* Build configuration list for PBXNativeTarget "DigAPigTooTests" */;
			buildPhases = (
				2EF3049F2FAEBE1900CA61C0 /* Sources */,
				2EF304A02FAEBE1900CA61C0 /* Frameworks */,
				2EF304A12FAEBE1900CA61C0 /* Resources */,
			);
			buildRules = (
			);
			dependencies = (
				2EF304A52FAEBE1900CA61C0 /* PBXTargetDependency */,
			);
			fileSystemSynchronizedGroups = (
				2EF304A62FAEBE1900CA61C0 /* DigAPigTooTests */,
			);
			name = DigAPigTooTests;
			packageProductDependencies = (
			);
			productName = DigAPigTooTests;
			productReference = 2EF304A32FAEBE1900CA61C0 /* DigAPigTooTests.xctest */;
			productType = "com.apple.product-type.bundle.unit-test";
		};
		2EF304AC2FAEBE1900CA61C0 /* DigAPigTooUITests */ = {
			isa = PBXNativeTarget;
			buildConfigurationList = 2EF304BD2FAEBE1900CA61C0 /* Build configuration list for PBXNativeTarget "DigAPigTooUITests" */;
			buildPhases = (
				2EF304A92FAEBE1900CA61C0 /* Sources */,
				2EF304AA2FAEBE1900CA61C0 /* Frameworks */,
				2EF304AB2FAEBE1900CA61C0 /* Resources */,
			);
			buildRules = (
			);
			dependencies = (
				2EF304AF2FAEBE1900CA61C0 /* PBXTargetDependency */,
			);
			fileSystemSynchronizedGroups = (
				2EF304B02FAEBE1900CA61C0 /* DigAPigTooUITests */,
			);
			name = DigAPigTooUITests;
			packageProductDependencies = (
			);
			productName = DigAPigTooUITests;
			productReference = 2EF304AD2FAEBE1900CA61C0 /* DigAPigTooUITests.xctest */;
			productType = "com.apple.product-type.bundle.ui-testing";
		};
/* End PBXNativeTarget section */

/* Begin PBXProject section */
		2EF3048E2FAEBE1700CA61C0 /* Project object */ = {
			isa = PBXProject;
			attributes = {
				BuildIndependentTargetsInParallel = 1;
				LastSwiftUpdateCheck = 2640;
				LastUpgradeCheck = 2640;
				TargetAttributes = {
					2EF304952FAEBE1700CA61C0 = {
						CreatedOnToolsVersion = 26.4.1;
					};
					2EF304A22FAEBE1900CA61C0 = {
						CreatedOnToolsVersion = 26.4.1;
						TestTargetID = 2EF304952FAEBE1700CA61C0;
					};
					2EF304AC2FAEBE1900CA61C0 = {
						CreatedOnToolsVersion = 26.4.1;
						TestTargetID = 2EF304952FAEBE1700CA61C0;
					};
				};
			};
			buildConfigurationList = 2EF304912FAEBE1700CA61C0 /* Build configuration list for PBXProject "DigAPigToo" */;
			developmentRegion = en;
			hasScannedForEncodings = 0;
			knownRegions = (
				en,
				Base,
			);
			mainGroup = 2EF3048D2FAEBE1700CA61C0;
			minimizedProjectReferenceProxies = 1;
			preferredProjectObjectVersion = 77;
			productRefGroup = 2EF304972FAEBE1700CA61C0 /* Products */;
			projectDirPath = "";
			projectRoot = "";
			targets = (
				2EF304952FAEBE1700CA61C0 /* DigAPigToo */,
				2EF304A22FAEBE1900CA61C0 /* DigAPigTooTests */,
				2EF304AC2FAEBE1900CA61C0 /* DigAPigTooUITests */,
			);
		};
/* End PBXProject section */

/* Begin PBXResourcesBuildPhase section */
		2EF304942FAEBE1700CA61C0 /* Resources */ = {
			isa = PBXResourcesBuildPhase;
			buildActionMask = 2147483647;
			files = (
			);
			runOnlyForDeploymentPostprocessing = 0;
		};
		2EF304A12FAEBE1900CA61C0 /* Resources */ = {
			isa = PBXResourcesBuildPhase;
			buildActionMask = 2147483647;
			files = (
			);
			runOnlyForDeploymentPostprocessing = 0;
		};
		2EF304AB2FAEBE1900CA61C0 /* Resources */ = {
			isa = PBXResourcesBuildPhase;
			buildActionMask = 2147483647;
			files = (
			);
			runOnlyForDeploymentPostprocessing = 0;
		};
/* End PBXResourcesBuildPhase section */

/* Begin PBXSourcesBuildPhase section */
		2EF304922FAEBE1700CA61C0 /* Sources */ = {
			isa = PBXSourcesBuildPhase;
			buildActionMask = 2147483647;
			files = (
			);
			runOnlyForDeploymentPostprocessing = 0;
		};
		2EF3049F2FAEBE1900CA61C0 /* Sources */ = {
			isa = PBXSourcesBuildPhase;
			buildActionMask = 2147483647;
			files = (
			);
			runOnlyForDeploymentPostprocessing = 0;
		};
		2EF304A92FAEBE1900CA61C0 /* Sources */ = {
			isa = PBXSourcesBuildPhase;
			buildActionMask = 2147483647;
			files = (
			);
			runOnlyForDeploymentPostprocessing = 0;
		};
/* End PBXSourcesBuildPhase section */

/* Begin PBXTargetDependency section */
		2EF304A52FAEBE1900CA61C0 /* PBXTargetDependency */ = {
			isa = PBXTargetDependency;
			target = 2EF304952FAEBE1700CA61C0 /* DigAPigToo */;
			targetProxy = 2EF304A42FAEBE1900CA61C0 /* PBXContainerItemProxy */;
		};
		2EF304AF2FAEBE1900CA61C0 /* PBXTargetDependency */ = {
			isa = PBXTargetDependency;
			target = 2EF304952FAEBE1700CA61C0 /* DigAPigToo */;
			targetProxy = 2EF304AE2FAEBE1900CA61C0 /* PBXContainerItemProxy */;
		};
/* End PBXTargetDependency section */

/* Begin XCBuildConfiguration section */
		2EF304B52FAEBE1900CA61C0 /* Debug */ = {
			isa = XCBuildConfiguration;
			buildSettings = {
				ALWAYS_SEARCH_USER_PATHS = NO;
				ASSETCATALOG_COMPILER_GENERATE_SWIFT_ASSET_SYMBOL_EXTENSIONS = YES;
				CLANG_ANALYZER_NONNULL = YES;
				CLANG_ANALYZER_NUMBER_OBJECT_CONVERSION = YES_AGGRESSIVE;
				CLANG_CXX_LANGUAGE_STANDARD = "gnu++20";
				CLANG_ENABLE_MODULES = YES;
				CLANG_ENABLE_OBJC_ARC = YES;
				CLANG_ENABLE_OBJC_WEAK = YES;
				CLANG_WARN_BLOCK_CAPTURE_AUTORELEASING = YES;
				CLANG_WARN_BOOL_CONVERSION = YES;
				CLANG_WARN_COMMA = YES;
				CLANG_WARN_CONSTANT_CONVERSION = YES;
				CLANG_WARN_DEPRECATED_OBJC_IMPLEMENTATIONS = YES;
				CLANG_WARN_DIRECT_OBJC_ISA_USAGE = YES_ERROR;
				CLANG_WARN_DOCUMENTATION_COMMENTS = YES;
				CLANG_WARN_EMPTY_BODY = YES;
				CLANG_WARN_ENUM_CONVERSION = YES;
				CLANG_WARN_INFINITE_RECURSION = YES;
				CLANG_WARN_INT_CONVERSION = YES;
				CLANG_WARN_NON_LITERAL_NULL_CONVERSION = YES;
				CLANG_WARN_OBJC_IMPLICIT_RETAIN_SELF = YES;
				CLANG_WARN_OBJC_LITERAL_CONVERSION = YES;
				CLANG_WARN_OBJC_ROOT_CLASS = YES_ERROR;
				CLANG_WARN_QUOTED_INCLUDE_IN_FRAMEWORK_HEADER = YES;
				CLANG_WARN_RANGE_LOOP_ANALYSIS = YES;
				CLANG_WARN_STRICT_PROTOTYPES = YES;
				CLANG_WARN_SUSPICIOUS_MOVE = YES;
				CLANG_WARN_UNGUARDED_AVAILABILITY = YES_AGGRESSIVE;
				CLANG_WARN_UNREACHABLE_CODE = YES;
				CLANG_WARN__DUPLICATE_METHOD_MATCH = YES;
				COPY_PHASE_STRIP = NO;
				DEBUG_INFORMATION_FORMAT = dwarf;
				ENABLE_STRICT_OBJC_MSGSEND = YES;
				ENABLE_TESTABILITY = YES;
				ENABLE_USER_SCRIPT_SANDBOXING = YES;
				GCC_C_LANGUAGE_STANDARD = gnu17;
				GCC_DYNAMIC_NO_PIC = NO;
				GCC_NO_COMMON_BLOCKS = YES;
				GCC_OPTIMIZATION_LEVEL = 0;
				GCC_PREPROCESSOR_DEFINITIONS = (
					"DEBUG=1",
					"$(inherited)",
				);
				GCC_WARN_64_TO_32_BIT_CONVERSION = YES;
				GCC_WARN_ABOUT_RETURN_TYPE = YES_ERROR;
				GCC_WARN_UNDECLARED_SELECTOR = YES;
				GCC_WARN_UNINITIALIZED_AUTOS = YES_AGGRESSIVE;
				GCC_WARN_UNUSED_FUNCTION = YES;
				GCC_WARN_UNUSED_VARIABLE = YES;
				IPHONEOS_DEPLOYMENT_TARGET = 26.4;
				LOCALIZATION_PREFERS_STRING_CATALOGS = YES;
				MTL_ENABLE_DEBUG_INFO = INCLUDE_SOURCE;
				MTL_FAST_MATH = YES;
				ONLY_ACTIVE_ARCH = YES;
				SDKROOT = iphoneos;
				SWIFT_ACTIVE_COMPILATION_CONDITIONS = "DEBUG $(inherited)";
				SWIFT_OPTIMIZATION_LEVEL = "-Onone";
			};
			name = Debug;
		};
		2EF304B62FAEBE1900CA61C0 /* Release */ = {
			isa = XCBuildConfiguration;
			buildSettings = {
				ALWAYS_SEARCH_USER_PATHS = NO;
				ASSETCATALOG_COMPILER_GENERATE_SWIFT_ASSET_SYMBOL_EXTENSIONS = YES;
				CLANG_ANALYZER_NONNULL = YES;
				CLANG_ANALYZER_NUMBER_OBJECT_CONVERSION = YES_AGGRESSIVE;
				CLANG_CXX_LANGUAGE_STANDARD = "gnu++20";
				CLANG_ENABLE_MODULES = YES;
				CLANG_ENABLE_OBJC_ARC = YES;
				CLANG_ENABLE_OBJC_WEAK = YES;
				CLANG_WARN_BLOCK_CAPTURE_AUTORELEASING = YES;
				CLANG_WARN_BOOL_CONVERSION = YES;
				CLANG_WARN_COMMA = YES;
				CLANG_WARN_CONSTANT_CONVERSION = YES;
				CLANG_WARN_DEPRECATED_OBJC_IMPLEMENTATIONS = YES;
				CLANG_WARN_DIRECT_OBJC_ISA_USAGE = YES_ERROR;
				CLANG_WARN_DOCUMENTATION_COMMENTS = YES;
				CLANG_WARN_EMPTY_BODY = YES;
				CLANG_WARN_ENUM_CONVERSION = YES;
				CLANG_WARN_INFINITE_RECURSION = YES;
				CLANG_WARN_INT_CONVERSION = YES;
				CLANG_WARN_NON_LITERAL_NULL_CONVERSION = YES;
				CLANG_WARN_OBJC_IMPLICIT_RETAIN_SELF = YES;
				CLANG_WARN_OBJC_LITERAL_CONVERSION = YES;
				CLANG_WARN_OBJC_ROOT_CLASS = YES_ERROR;
				CLANG_WARN_QUOTED_INCLUDE_IN_FRAMEWORK_HEADER = YES;
				CLANG_WARN_RANGE_LOOP_ANALYSIS = YES;
				CLANG_WARN_STRICT_PROTOTYPES = YES;
				CLANG_WARN_SUSPICIOUS_MOVE = YES;
				CLANG_WARN_UNGUARDED_AVAILABILITY = YES_AGGRESSIVE;
				CLANG_WARN_UNREACHABLE_CODE = YES;
				CLANG_WARN__DUPLICATE_METHOD_MATCH = YES;
				COPY_PHASE_STRIP = NO;
				DEBUG_INFORMATION_FORMAT = "dwarf-with-dsym";
				ENABLE_NS_ASSERTIONS = NO;
				ENABLE_STRICT_OBJC_MSGSEND = YES;
				ENABLE_USER_SCRIPT_SANDBOXING = YES;
				GCC_C_LANGUAGE_STANDARD = gnu17;
				GCC_NO_COMMON_BLOCKS = YES;
				GCC_WARN_64_TO_32_BIT_CONVERSION = YES;
				GCC_WARN_ABOUT_RETURN_TYPE = YES_ERROR;
				GCC_WARN_UNDECLARED_SELECTOR = YES;
				GCC_WARN_UNINITIALIZED_AUTOS = YES_AGGRESSIVE;
				GCC_WARN_UNUSED_FUNCTION = YES;
				GCC_WARN_UNUSED_VARIABLE = YES;
				IPHONEOS_DEPLOYMENT_TARGET = 26.4;
				LOCALIZATION_PREFERS_STRING_CATALOGS = YES;
				MTL_ENABLE_DEBUG_INFO = NO;
				MTL_FAST_MATH = YES;
				SDKROOT = iphoneos;
				SWIFT_COMPILATION_MODE = wholemodule;
				VALIDATE_PRODUCT = YES;
			};
			name = Release;
		};
		2EF304B82FAEBE1900CA61C0 /* Debug */ = {
			isa = XCBuildConfiguration;
			buildSettings = {
				ASSETCATALOG_COMPILER_APPICON_NAME = AppIcon;
				ASSETCATALOG_COMPILER_GLOBAL_ACCENT_COLOR_NAME = AccentColor;
				CODE_SIGN_ENTITLEMENTS = DigAPigToo/DigAPigToo.entitlements;
				CODE_SIGN_STYLE = Automatic;
				CURRENT_PROJECT_VERSION = 1;
				DEVELOPMENT_TEAM = SELN5644JH;
				ENABLE_PREVIEWS = YES;
				GENERATE_INFOPLIST_FILE = YES;
				INFOPLIST_KEY_NSCameraUsageDescription = "Dig a Pig Too uses the camera to let you photograph dissection specimens and histology slides for contribution to the app.";
				INFOPLIST_KEY_NSPhotoLibraryUsageDescription = "Dig a Pig Too accesses your photo library so you can select dissection or histology photos to contribute to the app.";
				INFOPLIST_KEY_UIApplicationSceneManifest_Generation = YES;
				INFOPLIST_KEY_UIApplicationSupportsIndirectInputEvents = YES;
				INFOPLIST_KEY_UILaunchScreen_Generation = YES;
				INFOPLIST_KEY_UISupportedInterfaceOrientations_iPad = "UIInterfaceOrientationPortrait UIInterfaceOrientationPortraitUpsideDown UIInterfaceOrientationLandscapeLeft UIInterfaceOrientationLandscapeRight";
				INFOPLIST_KEY_UISupportedInterfaceOrientations_iPhone = "UIInterfaceOrientationPortrait UIInterfaceOrientationLandscapeLeft UIInterfaceOrientationLandscapeRight";
				LD_RUNPATH_SEARCH_PATHS = (
					"$(inherited)",
					"@executable_path/Frameworks",
				);
				MARKETING_VERSION = 1.0;
				PRODUCT_BUNDLE_IDENTIFIER = cometzfly.DigAPigToo;
				PRODUCT_NAME = "$(TARGET_NAME)";
				STRING_CATALOG_GENERATE_SYMBOLS = YES;
				SWIFT_APPROACHABLE_CONCURRENCY = YES;
				SWIFT_DEFAULT_ACTOR_ISOLATION = MainActor;
				SWIFT_EMIT_LOC_STRINGS = YES;
				SWIFT_UPCOMING_FEATURE_MEMBER_IMPORT_VISIBILITY = YES;
				SWIFT_VERSION = 5.0;
				TARGETED_DEVICE_FAMILY = "1,2";
			};
			name = Debug;
		};
		2EF304B92FAEBE1900CA61C0 /* Release */ = {
			isa = XCBuildConfiguration;
			buildSettings = {
				ASSETCATALOG_COMPILER_APPICON_NAME = AppIcon;
				ASSETCATALOG_COMPILER_GLOBAL_ACCENT_COLOR_NAME = AccentColor;
				CODE_SIGN_ENTITLEMENTS = DigAPigToo/DigAPigToo.entitlements;
				CODE_SIGN_STYLE = Automatic;
				CURRENT_PROJECT_VERSION = 1;
				DEVELOPMENT_TEAM = SELN5644JH;
				ENABLE_PREVIEWS = YES;
				GENERATE_INFOPLIST_FILE = YES;
				INFOPLIST_KEY_NSCameraUsageDescription = "Dig a Pig Too uses the camera to let you photograph dissection specimens and histology slides for contribution to the app.";
				INFOPLIST_KEY_NSPhotoLibraryUsageDescription = "Dig a Pig Too accesses your photo library so you can select dissection or histology photos to contribute to the app.";
				INFOPLIST_KEY_UIApplicationSceneManifest_Generation = YES;
				INFOPLIST_KEY_UIApplicationSupportsIndirectInputEvents = YES;
				INFOPLIST_KEY_UILaunchScreen_Generation = YES;
				INFOPLIST_KEY_UISupportedInterfaceOrientations_iPad = "UIInterfaceOrientationPortrait UIInterfaceOrientationPortraitUpsideDown UIInterfaceOrientationLandscapeLeft UIInterfaceOrientationLandscapeRight";
				INFOPLIST_KEY_UISupportedInterfaceOrientations_iPhone = "UIInterfaceOrientationPortrait UIInterfaceOrientationLandscapeLeft UIInterfaceOrientationLandscapeRight";
				LD_RUNPATH_SEARCH_PATHS = (
					"$(inherited)",
					"@executable_path/Frameworks",
				);
				MARKETING_VERSION = 1.0;
				PRODUCT_BUNDLE_IDENTIFIER = cometzfly.DigAPigToo;
				PRODUCT_NAME = "$(TARGET_NAME)";
				STRING_CATALOG_GENERATE_SYMBOLS = YES;
				SWIFT_APPROACHABLE_CONCURRENCY = YES;
				SWIFT_DEFAULT_ACTOR_ISOLATION = MainActor;
				SWIFT_EMIT_LOC_STRINGS = YES;
				SWIFT_UPCOMING_FEATURE_MEMBER_IMPORT_VISIBILITY = YES;
				SWIFT_VERSION = 5.0;
				TARGETED_DEVICE_FAMILY = "1,2";
			};
			name = Release;
		};
		2EF304BB2FAEBE1900CA61C0 /* Debug */ = {
			isa = XCBuildConfiguration;
			buildSettings = {
				BUNDLE_LOADER = "$(TEST_HOST)";
				CODE_SIGN_STYLE = Automatic;
				CURRENT_PROJECT_VERSION = 1;
				GENERATE_INFOPLIST_FILE = YES;
				IPHONEOS_DEPLOYMENT_TARGET = 26.4;
				MARKETING_VERSION = 1.0;
				PRODUCT_BUNDLE_IDENTIFIER = cometzfly.DigAPigTooTests;
				PRODUCT_NAME = "$(TARGET_NAME)";
				STRING_CATALOG_GENERATE_SYMBOLS = NO;
				SWIFT_APPROACHABLE_CONCURRENCY = YES;
				SWIFT_EMIT_LOC_STRINGS = NO;
				SWIFT_UPCOMING_FEATURE_MEMBER_IMPORT_VISIBILITY = YES;
				SWIFT_VERSION = 5.0;
				TARGETED_DEVICE_FAMILY = "1,2";
				TEST_HOST = "$(BUILT_PRODUCTS_DIR)/DigAPigToo.app/$(BUNDLE_EXECUTABLE_FOLDER_PATH)/DigAPigToo";
			};
			name = Debug;
		};
		2EF304BC2FAEBE1900CA61C0 /* Release */ = {
			isa = XCBuildConfiguration;
			buildSettings = {
				BUNDLE_LOADER = "$(TEST_HOST)";
				CODE_SIGN_STYLE = Automatic;
				CURRENT_PROJECT_VERSION = 1;
				GENERATE_INFOPLIST_FILE = YES;
				IPHONEOS_DEPLOYMENT_TARGET = 26.4;
				MARKETING_VERSION = 1.0;
				PRODUCT_BUNDLE_IDENTIFIER = cometzfly.DigAPigTooTests;
				PRODUCT_NAME = "$(TARGET_NAME)";
				STRING_CATALOG_GENERATE_SYMBOLS = NO;
				SWIFT_APPROACHABLE_CONCURRENCY = YES;
				SWIFT_EMIT_LOC_STRINGS = NO;
				SWIFT_UPCOMING_FEATURE_MEMBER_IMPORT_VISIBILITY = YES;
				SWIFT_VERSION = 5.0;
				TARGETED_DEVICE_FAMILY = "1,2";
				TEST_HOST = "$(BUILT_PRODUCTS_DIR)/DigAPigToo.app/$(BUNDLE_EXECUTABLE_FOLDER_PATH)/DigAPigToo";
			};
			name = Release;
		};
		2EF304BE2FAEBE1900CA61C0 /* Debug */ = {
			isa = XCBuildConfiguration;
			buildSettings = {
				CODE_SIGN_STYLE = Automatic;
				CURRENT_PROJECT_VERSION = 1;
				GENERATE_INFOPLIST_FILE = YES;
				MARKETING_VERSION = 1.0;
				PRODUCT_BUNDLE_IDENTIFIER = cometzfly.DigAPigTooUITests;
				PRODUCT_NAME = "$(TARGET_NAME)";
				STRING_CATALOG_GENERATE_SYMBOLS = NO;
				SWIFT_APPROACHABLE_CONCURRENCY = YES;
				SWIFT_EMIT_LOC_STRINGS = NO;
				SWIFT_UPCOMING_FEATURE_MEMBER_IMPORT_VISIBILITY = YES;
				SWIFT_VERSION = 5.0;
				TARGETED_DEVICE_FAMILY = "1,2";
				TEST_TARGET_NAME = DigAPigToo;
			};
			name = Debug;
		};
		2EF304BF2FAEBE1900CA61C0 /* Release */ = {
			isa = XCBuildConfiguration;
			buildSettings = {
				CODE_SIGN_STYLE = Automatic;
				CURRENT_PROJECT_VERSION = 1;
				GENERATE_INFOPLIST_FILE = YES;
				MARKETING_VERSION = 1.0;
				PRODUCT_BUNDLE_IDENTIFIER = cometzfly.DigAPigTooUITests;
				PRODUCT_NAME = "$(TARGET_NAME)";
				STRING_CATALOG_GENERATE_SYMBOLS = NO;
				SWIFT_APPROACHABLE_CONCURRENCY = YES;
				SWIFT_EMIT_LOC_STRINGS = NO;
				SWIFT_UPCOMING_FEATURE_MEMBER_IMPORT_VISIBILITY = YES;
				SWIFT_VERSION = 5.0;
				TARGETED_DEVICE_FAMILY = "1,2";
				TEST_TARGET_NAME = DigAPigToo;
			};
			name = Release;
		};
/* End XCBuildConfiguration section */

/* Begin XCConfigurationList section */
		2EF304912FAEBE1700CA61C0 /* Build configuration list for PBXProject "DigAPigToo" */ = {
			isa = XCConfigurationList;
			buildConfigurations = (
				2EF304B52FAEBE1900CA61C0 /* Debug */,
				2EF304B62FAEBE1900CA61C0 /* Release */,
			);
			defaultConfigurationIsVisible = 0;
			defaultConfigurationName = Release;
		};
		2EF304B72FAEBE1900CA61C0 /* Build configuration list for PBXNativeTarget "DigAPigToo" */ = {
			isa = XCConfigurationList;
			buildConfigurations = (
				2EF304B82FAEBE1900CA61C0 /* Debug */,
				2EF304B92FAEBE1900CA61C0 /* Release */,
			);
			defaultConfigurationIsVisible = 0;
			defaultConfigurationName = Release;
		};
		2EF304BA2FAEBE1900CA61C0 /* Build configuration list for PBXNativeTarget "DigAPigTooTests" */ = {
			isa = XCConfigurationList;
			buildConfigurations = (
				2EF304BB2FAEBE1900CA61C0 /* Debug */,
				2EF304BC2FAEBE1900CA61C0 /* Release */,
			);
			defaultConfigurationIsVisible = 0;
			defaultConfigurationName = Release;
		};
		2EF304BD2FAEBE1900CA61C0 /* Build configuration list for PBXNativeTarget "DigAPigTooUITests" */ = {
			isa = XCConfigurationList;
			buildConfigurations = (
				2EF304BE2FAEBE1900CA61C0 /* Debug */,
				2EF304BF2FAEBE1900CA61C0 /* Release */,
			);
			defaultConfigurationIsVisible = 0;
			defaultConfigurationName = Release;
		};
/* End XCConfigurationList section */
	};
	rootObject = 2EF3048E2FAEBE1700CA61C0 /* Project object */;
}
